
Microsoft Visual Studio Solution File, Format Version 12.00
# Visual Studio Version 17
VisualStudioVersion = 17.3.32901.215
MinimumVisualStudioVersion = 10.0.40219.1
Project("{FAE04EC0-301F-11D3-BF4B-00C04F79EFBC}") = "WinFormsCalcAreaFiguras", "WinFormsCalcAreaFiguras\WinFormsCalcAreaFiguras.csproj", "{3E020360-2C4E-4809-A923-7F421FAC3485}"
EndProject
Global
	GlobalSection(SolutionConfigurationPlatforms) = preSolution
		Debug|Any CPU = Debug|Any CPU
		Release|Any CPU = Release|Any CPU
	EndGlobalSection
	GlobalSection(ProjectConfigurationPlatforms) = postSolution
		{3E020360-2C4E-4809-A923-7F421FAC3485}.Debug|Any CPU.ActiveCfg = Debug|Any CPU
		{3E020360-2C4E-4809-A923-7F421FAC3485}.Debug|Any CPU.Build.0 = Debug|Any CPU
		{3E020360-2C4E-4809-A923-7F421FAC3485}.Release|Any CPU.ActiveCfg = Release|Any CPU
		{3E020360-2C4E-4809-A923-7F421FAC3485}.Release|Any CPU.Build.0 = Release|Any CPU
	EndGlobalSection
	GlobalSection(SolutionProperties) = preSolution
		HideSolutionNode = FALSE
	EndGlobalSection
	GlobalSection(ExtensibilityGlobals) = postSolution
		SolutionGuid = {7C73C68B-4CB1-4872-8E1A-5CF91F931188}
	EndGlobalSection
EndGlobal
